{
  "originHash" : "ac481322259aedcf5f4eff4c64288a79421620d4599dc769be723f99edc9799e",
  "pins" : [
    {
      "identity" : "autoequatable",
      "kind" : "remoteSourceControl",
      "location" : "https://github.com/indextrown/AutoEquatable",
      "state" : {
        "branch" : "main",
        "revision" : "8070f812d97b91f79fbf362ca0581bba7fe09421"
      }
    },
    {
      "identity" : "swift-syntax",
      "kind" : "remoteSourceControl",
      "location" : "https://github.com/swiftlang/swift-syntax.git",
      "state" : {
        "revision" : "0687f71944021d616d34d922343dcef086855920",
        "version" : "600.0.1"
      }
    }
  ],
  "version" : 3
}
