{
  "originHash" : "4623ea39ade6de0094255497e99c3828a09d1b8e0a47315a5701bac30cdaf24d",
  "pins" : [
    {
      "identity" : "autoequatable",
      "kind" : "remoteSourceControl",
      "location" : "https://github.com/indextrown/AutoEquatable",
      "state" : {
        "branch" : "main",
        "revision" : "8070f812d97b91f79fbf362ca0581bba7fe09421"
      }
    },
    {
      "identity" : "kingfisher",
      "kind" : "remoteSourceControl",
      "location" : "https://github.com/onevcat/Kingfisher",
      "state" : {
        "revision" : "d30a5fad881137e2267f96a8e3fc35c58999bb94",
        "version" : "8.6.2"
      }
    },
    {
      "identity" : "swift-syntax",
      "kind" : "remoteSourceControl",
      "location" : "https://github.com/swiftlang/swift-syntax.git",
      "state" : {
        "revision" : "0687f71944021d616d34d922343dcef086855920",
        "version" : "600.0.1"
      }
    }
  ],
  "version" : 3
}
