// !$*UTF8*$!
{
	archiveVersion = 1;
	classes = {
	};
	objectVersion = 77;
	objects = {

/* Begin PBXBuildFile section */
		DF6DC40A2F1EA51800DE5D9A /* AutoEquatable in Frameworks */ = {isa = PBXBuildFile; productRef = DF6DC4092F1EA51800DE5D9A /* AutoEquatable */; };
/* End PBXBuildFile section */

/* Begin PBXContainerItemProxy section */
		DF1C46AB2F2B358900AB14C6 /* PBXContainerItemProxy */ = {
			isa = PBXContainerItemProxy;
			containerPortal = DF6DC21F2F1E9BC600DE5D9A /* Project object */;
			proxyType = 1;
			remoteGlobalIDString = DF6DC2262F1E9BC600DE5D9A;
			remoteInfo = cicd_base;
		};
		DF6DC4312F1EACA700DE5D9A /* PBXContainerItemProxy */ = {
			isa = PBXContainerItemProxy;
			containerPortal = DF6DC21F2F1E9BC600DE5D9A /* Project object */;
			proxyType = 1;
			remoteGlobalIDString = DF6DC2262F1E9BC600DE5D9A;
			remoteInfo = cicd_base;
		};
/* End PBXContainerItemProxy section */

/* Begin PBXFileReference section */
		DF1C46A52F2B358900AB14C6 /* cicd_baseUITests.xctest */ = {isa = PBXFileReference; explicitFileType = wrapper.cfbundle; includeInIndex = 0; path = cicd_baseUITests.xctest; sourceTree = BUILT_PRODUCTS_DIR; };
		DF6DC2272F1E9BC600DE5D9A /* cicd_base.app */ = {isa = PBXFileReference; explicitFileType = wrapper.application; includeInIndex = 0; path = cicd_base.app; sourceTree = BUILT_PRODUCTS_DIR; };
		DF6DC42D2F1EACA700DE5D9A /* cicd_baseUnitTests.xctest */ = {isa = PBXFileReference; explicitFileType = wrapper.cfbundle; includeInIndex = 0; path = cicd_baseUnitTests.xctest; sourceTree = BUILT_PRODUCTS_DIR; };
/* End PBXFileReference section */

/* Begin PBXFileSystemSynchronizedRootGroup section */
		DF1C46A62F2B358900AB14C6 /* cicd_baseUITests */ = {
			isa = PBXFileSystemSynchronizedRootGroup;
			path = cicd_baseUITests;
			sourceTree = "<group>";
		};
		DF1C46B32F2B35C400AB14C6 /* workflows_save */ = {
			isa = PBXFileSystemSynchronizedRootGroup;
			path = workflows_save;
			sourceTree = "<group>";
		};
		DF6DC2292F1E9BC600DE5D9A /* cicd_base */ = {
			isa = PBXFileSystemSynchronizedRootGroup;
			path = cicd_base;
			sourceTree = "<group>";
		};
		DF6DC2362F1E9FF000DE5D9A /* workflows */ = {
			isa = PBXFileSystemSynchronizedRootGroup;
			path = workflows;
			sourceTree = "<group>";
		};
		DF6DC42E2F1EACA700DE5D9A /* cicd_baseUnitTests */ = {
			isa = PBXFileSystemSynchronizedRootGroup;
			path = cicd_baseUnitTests;
			sourceTree = "<group>";
		};
/* End PBXFileSystemSynchronizedRootGroup section */

/* Begin PBXFrameworksBuildPhase section */
		DF1C46A22F2B358900AB14C6 /* Frameworks */ = {
			isa = PBXFrameworksBuildPhase;
			buildActionMask = 2147483647;
			files = (
			);
			runOnlyForDeploymentPostprocessing = 0;
		};
		DF6DC2242F1E9BC600DE5D9A /* Frameworks */ = {
			isa = PBXFrameworksBuildPhase;
			buildActionMask = 2147483647;
			files = (
				DF6DC40A2F1EA51800DE5D9A /* AutoEquatable in Frameworks */,
			);
			runOnlyForDeploymentPostprocessing = 0;
		};
		DF6DC42A2F1EACA700DE5D9A /* Frameworks */ = {
			isa = PBXFrameworksBuildPhase;
			buildActionMask = 2147483647;
			files = (
			);
			runOnlyForDeploymentPostprocessing = 0;
		};
/* End PBXFrameworksBuildPhase section */

/* Begin PBXGroup section */
		DF6DC21E2F1E9BC600DE5D9A = {
			isa = PBXGroup;
			children = (
				DF6DC2352F1E9FEC00DE5D9A /* .github */,
				DF6DC2292F1E9BC600DE5D9A /* cicd_base */,
				DF6DC42E2F1EACA700DE5D9A /* cicd_baseUnitTests */,
				DF1C46A62F2B358900AB14C6 /* cicd_baseUITests */,
				DF6DC2282F1E9BC600DE5D9A /* Products */,
			);
			sourceTree = "<group>";
		};
		DF6DC2282F1E9BC600DE5D9A /* Products */ = {
			isa = PBXGroup;
			children = (
				DF6DC2272F1E9BC600DE5D9A /* cicd_base.app */,
				DF6DC42D2F1EACA700DE5D9A /* cicd_baseUnitTests.xctest */,
				DF1C46A52F2B358900AB14C6 /* cicd_baseUITests.xctest */,
			);
			name = Products;
			sourceTree = "<group>";
		};
		DF6DC2352F1E9FEC00DE5D9A /* .github */ = {
			isa = PBXGroup;
			children = (
				DF1C46B32F2B35C400AB14C6 /* workflows_save */,
				DF6DC2362F1E9FF000DE5D9A /* workflows */,
			);
			path = .github;
			sourceTree = "<group>";
		};
/* End PBXGroup section */

/* Begin PBXNativeTarget section */
		DF1C46A42F2B358900AB14C6 /* cicd_baseUITests */ = {
			isa = PBXNativeTarget;
			buildConfigurationList = DF1C46AF2F2B358900AB14C6 /* Build configuration list for PBXNativeTarget "cicd_baseUITests" */;
			buildPhases = (
				DF1C46A12F2B358900AB14C6 /* Sources */,
				DF1C46A22F2B358900AB14C6 /* Frameworks */,
				DF1C46A32F2B358900AB14C6 /* Resources */,
			);
			buildRules = (
			);
			dependencies = (
				DF1C46AC2F2B358900AB14C6 /* PBXTargetDependency */,
			);
			fileSystemSynchronizedGroups = (
				DF1C46A62F2B358900AB14C6 /* cicd_baseUITests */,
			);
			name = cicd_baseUITests;
			packageProductDependencies = (
			);
			productName = cicd_baseUITests;
			productReference = DF1C46A52F2B358900AB14C6 /* cicd_baseUITests.xctest */;
			productType = "com.apple.product-type.bundle.ui-testing";
		};
		DF6DC2262F1E9BC600DE5D9A /* cicd_base */ = {
			isa = PBXNativeTarget;
			buildConfigurationList = DF6DC2322F1E9BC700DE5D9A /* Build configuration list for PBXNativeTarget "cicd_base" */;
			buildPhases = (
				DF6DC2232F1E9BC600DE5D9A /* Sources */,
				DF6DC2242F1E9BC600DE5D9A /* Frameworks */,
				DF6DC2252F1E9BC600DE5D9A /* Resources */,
			);
			buildRules = (
			);
			dependencies = (
			);
			fileSystemSynchronizedGroups = (
				DF6DC2292F1E9BC600DE5D9A /* cicd_base */,
			);
			name = cicd_base;
			packageProductDependencies = (
				DF6DC4092F1EA51800DE5D9A /* AutoEquatable */,
			);
			productName = cicd_base;
			productReference = DF6DC2272F1E9BC600DE5D9A /* cicd_base.app */;
			productType = "com.apple.product-type.application";
		};
		DF6DC42C2F1EACA700DE5D9A /* cicd_baseUnitTests */ = {
			isa = PBXNativeTarget;
			buildConfigurationList = DF6DC4332F1EACA700DE5D9A /* Build configuration list for PBXNativeTarget "cicd_baseUnitTests" */;
			buildPhases = (
				DF6DC4292F1EACA700DE5D9A /* Sources */,
				DF6DC42A2F1EACA700DE5D9A /* Frameworks */,
				DF6DC42B2F1EACA700DE5D9A /* Resources */,
			);
			buildRules = (
			);
			dependencies = (
				DF6DC4322F1EACA700DE5D9A /* PBXTargetDependency */,
			);
			fileSystemSynchronizedGroups = (
				DF6DC42E2F1EACA700DE5D9A /* cicd_baseUnitTests */,
			);
			name = cicd_baseUnitTests;
			packageProductDependencies = (
			);
			productName = cicd_baseUnitTests;
			productReference = DF6DC42D2F1EACA700DE5D9A /* cicd_baseUnitTests.xctest */;
			productType = "com.apple.product-type.bundle.unit-test";
		};
/* End PBXNativeTarget section */

/* Begin PBXProject section */
		DF6DC21F2F1E9BC600DE5D9A /* Project object */ = {
			isa = PBXProject;
			attributes = {
				BuildIndependentTargetsInParallel = 1;
				LastSwiftUpdateCheck = 1640;
				LastUpgradeCheck = 1640;
				TargetAttributes = {
					DF1C46A42F2B358900AB14C6 = {
						CreatedOnToolsVersion = 16.4;
						TestTargetID = DF6DC2262F1E9BC600DE5D9A;
					};
					DF6DC2262F1E9BC600DE5D9A = {
						CreatedOnToolsVersion = 16.4;
					};
					DF6DC42C2F1EACA700DE5D9A = {
						CreatedOnToolsVersion = 16.4;
						TestTargetID = DF6DC2262F1E9BC600DE5D9A;
					};
				};
			};
			buildConfigurationList = DF6DC2222F1E9BC600DE5D9A /* Build configuration list for PBXProject "cicd_base" */;
			developmentRegion = en;
			hasScannedForEncodings = 0;
			knownRegions = (
				en,
				Base,
			);
			mainGroup = DF6DC21E2F1E9BC600DE5D9A;
			minimizedProjectReferenceProxies = 1;
			packageReferences = (
				DF6DC4082F1EA51800DE5D9A /* XCRemoteSwiftPackageReference "AutoEquatable" */,
			);
			preferredProjectObjectVersion = 77;
			productRefGroup = DF6DC2282F1E9BC600DE5D9A /* Products */;
			projectDirPath = "";
			projectRoot = "";
			targets = (
				DF6DC2262F1E9BC600DE5D9A /* cicd_base */,
				DF6DC42C2F1EACA700DE5D9A /* cicd_baseUnitTests */,
				DF1C46A42F2B358900AB14C6 /* cicd_baseUITests */,
			);
		};
/* End PBXProject section */

/* Begin PBXResourcesBuildPhase section */
		DF1C46A32F2B358900AB14C6 /* Resources */ = {
			isa = PBXResourcesBuildPhase;
			buildActionMask = 2147483647;
			files = (
			);
			runOnlyForDeploymentPostprocessing = 0;
		};
		DF6DC2252F1E9BC600DE5D9A /* Resources */ = {
			isa = PBXResourcesBuildPhase;
			buildActionMask = 2147483647;
			files = (
			);
			runOnlyForDeploymentPostprocessing = 0;
		};
		DF6DC42B2F1EACA700DE5D9A /* Resources */ = {
			isa = PBXResourcesBuildPhase;
			buildActionMask = 2147483647;
			files = (
			);
			runOnlyForDeploymentPostprocessing = 0;
		};
/* End PBXResourcesBuildPhase section */

/* Begin PBXSourcesBuildPhase section */
		DF1C46A12F2B358900AB14C6 /* Sources */ = {
			isa = PBXSourcesBuildPhase;
			buildActionMask = 2147483647;
			files = (
			);
			runOnlyForDeploymentPostprocessing = 0;
		};
		DF6DC2232F1E9BC600DE5D9A /* Sources */ = {
			isa = PBXSourcesBuildPhase;
			buildActionMask = 2147483647;
			files = (
			);
			runOnlyForDeploymentPostprocessing = 0;
		};
		DF6DC4292F1EACA700DE5D9A /* Sources */ = {
			isa = PBXSourcesBuildPhase;
			buildActionMask = 2147483647;
			files = (
			);
			runOnlyForDeploymentPostprocessing = 0;
		};
/* End PBXSourcesBuildPhase section */

/* Begin PBXTargetDependency section */
		DF1C46AC2F2B358900AB14C6 /* PBXTargetDependency */ = {
			isa = PBXTargetDependency;
			target = DF6DC2262F1E9BC600DE5D9A /* cicd_base */;
			targetProxy = DF1C46AB2F2B358900AB14C6 /* PBXContainerItemProxy */;
		};
		DF6DC4322F1EACA700DE5D9A /* PBXTargetDependency */ = {
			isa = PBXTargetDependency;
			target = DF6DC2262F1E9BC600DE5D9A /* cicd_base */;
			targetProxy = DF6DC4312F1EACA700DE5D9A /* PBXContainerItemProxy */;
		};
/* End PBXTargetDependency section */

/* Begin XCBuildConfiguration section */
		DF1C46AD2F2B358900AB14C6 /* Debug */ = {
			isa = XCBuildConfiguration;
			buildSettings = {
				CODE_SIGN_STYLE = Automatic;
				CURRENT_PROJECT_VERSION = 1;
				DEVELOPMENT_TEAM = LGX4B4WC66;
				GENERATE_INFOPLIST_FILE = YES;
				IPHONEOS_DEPLOYMENT_TARGET = 17;
				MARKETING_VERSION = 1.0;
				PRODUCT_BUNDLE_IDENTIFIER = "com.indextrown.cicd-baseUITests";
				PRODUCT_NAME = "$(TARGET_NAME)";
				SWIFT_EMIT_LOC_STRINGS = NO;
				SWIFT_VERSION = 5.0;
				TARGETED_DEVICE_FAMILY = "1,2";
				TEST_TARGET_NAME = cicd_base;
			};
			name = Debug;
		};
		DF1C46AE2F2B358900AB14C6 /* Release */ = {
			isa = XCBuildConfiguration;
			buildSettings = {
				CODE_SIGN_STYLE = Automatic;
				CURRENT_PROJECT_VERSION = 1;
				DEVELOPMENT_TEAM = LGX4B4WC66;
				GENERATE_INFOPLIST_FILE = YES;
				IPHONEOS_DEPLOYMENT_TARGET = 17;
				MARKETING_VERSION = 1.0;
				PRODUCT_BUNDLE_IDENTIFIER = "com.indextrown.cicd-baseUITests";
				PRODUCT_NAME = "$(TARGET_NAME)";
				SWIFT_EMIT_LOC_STRINGS = NO;
				SWIFT_VERSION = 5.0;
				TARGETED_DEVICE_FAMILY = "1,2";
				TEST_TARGET_NAME = cicd_base;
			};
			name = Release;
		};
		DF6DC2302F1E9BC700DE5D9A /* Debug */ = {
			isa = XCBuildConfiguration;
			buildSettings = {
				ALWAYS_SEARCH_USER_PATHS = NO;
				ASSETCATALOG_COMPILER_GENERATE_SWIFT_ASSET_SYMBOL_EXTENSIONS = YES;
				CLANG_ANALYZER_NONNULL = YES;
				CLANG_ANALYZER_NUMBER_OBJECT_CONVERSION = YES_AGGRESSIVE;
				CLANG_CXX_LANGUAGE_STANDARD = "gnu++20";
				CLANG_ENABLE_MODULES = YES;
				CLANG_ENABLE_OBJC_ARC = YES;
				CLANG_ENABLE_OBJC_WEAK = YES;
				CLANG_WARN_BLOCK_CAPTURE_AUTORELEASING = YES;
				CLANG_WARN_BOOL_CONVERSION = YES;
				CLANG_WARN_COMMA = YES;
				CLANG_WARN_CONSTANT_CONVERSION = YES;
				CLANG_WARN_DEPRECATED_OBJC_IMPLEMENTATIONS = YES;
				CLANG_WARN_DIRECT_OBJC_ISA_USAGE = YES_ERROR;
				CLANG_WARN_DOCUMENTATION_COMMENTS = YES;
				CLANG_WARN_EMPTY_BODY = YES;
				CLANG_WARN_ENUM_CONVERSION = YES;
				CLANG_WARN_INFINITE_RECURSION = YES;
				CLANG_WARN_INT_CONVERSION = YES;
				CLANG_WARN_NON_LITERAL_NULL_CONVERSION = YES;
				CLANG_WARN_OBJC_IMPLICIT_RETAIN_SELF = YES;
				CLANG_WARN_OBJC_LITERAL_CONVERSION = YES;
				CLANG_WARN_OBJC_ROOT_CLASS = YES_ERROR;
				CLANG_WARN_QUOTED_INCLUDE_IN_FRAMEWORK_HEADER = YES;
				CLANG_WARN_RANGE_LOOP_ANALYSIS = YES;
				CLANG_WARN_STRICT_PROTOTYPES = YES;
				CLANG_WARN_SUSPICIOUS_MOVE = YES;
				CLANG_WARN_UNGUARDED_AVAILABILITY = YES_AGGRESSIVE;
				CLANG_WARN_UNREACHABLE_CODE = YES;
				CLANG_WARN__DUPLICATE_METHOD_MATCH = YES;
				COPY_PHASE_STRIP = NO;
				DEBUG_INFORMATION_FORMAT = dwarf;
				DEVELOPMENT_TEAM = LGX4B4WC66;
				ENABLE_STRICT_OBJC_MSGSEND = YES;
				ENABLE_TESTABILITY = YES;
				ENABLE_USER_SCRIPT_SANDBOXING = YES;
				GCC_C_LANGUAGE_STANDARD = gnu17;
				GCC_DYNAMIC_NO_PIC = NO;
				GCC_NO_COMMON_BLOCKS = YES;
				GCC_OPTIMIZATION_LEVEL = 0;
				GCC_PREPROCESSOR_DEFINITIONS = (
					"DEBUG=1",
					"$(inherited)",
				);
				GCC_WARN_64_TO_32_BIT_CONVERSION = YES;
				GCC_WARN_ABOUT_RETURN_TYPE = YES_ERROR;
				GCC_WARN_UNDECLARED_SELECTOR = YES;
				GCC_WARN_UNINITIALIZED_AUTOS = YES_AGGRESSIVE;
				GCC_WARN_UNUSED_FUNCTION = YES;
				GCC_WARN_UNUSED_VARIABLE = YES;
				IPHONEOS_DEPLOYMENT_TARGET = 18.5;
				LOCALIZATION_PREFERS_STRING_CATALOGS = YES;
				MTL_ENABLE_DEBUG_INFO = INCLUDE_SOURCE;
				MTL_FAST_MATH = YES;
				ONLY_ACTIVE_ARCH = YES;
				SDKROOT = iphoneos;
				SWIFT_ACTIVE_COMPILATION_CONDITIONS = "DEBUG $(inherited)";
				SWIFT_OPTIMIZATION_LEVEL = "-Onone";
			};
			name = Debug;
		};
		DF6DC2312F1E9BC700DE5D9A /* Release */ = {
			isa = XCBuildConfiguration;
			buildSettings = {
				ALWAYS_SEARCH_USER_PATHS = NO;
				ASSETCATALOG_COMPILER_GENERATE_SWIFT_ASSET_SYMBOL_EXTENSIONS = YES;
				CLANG_ANALYZER_NONNULL = YES;
				CLANG_ANALYZER_NUMBER_OBJECT_CONVERSION = YES_AGGRESSIVE;
				CLANG_CXX_LANGUAGE_STANDARD = "gnu++20";
				CLANG_ENABLE_MODULES = YES;
				CLANG_ENABLE_OBJC_ARC = YES;
				CLANG_ENABLE_OBJC_WEAK = YES;
				CLANG_WARN_BLOCK_CAPTURE_AUTORELEASING = YES;
				CLANG_WARN_BOOL_CONVERSION = YES;
				CLANG_WARN_COMMA = YES;
				CLANG_WARN_CONSTANT_CONVERSION = YES;
				CLANG_WARN_DEPRECATED_OBJC_IMPLEMENTATIONS = YES;
				CLANG_WARN_DIRECT_OBJC_ISA_USAGE = YES_ERROR;
				CLANG_WARN_DOCUMENTATION_COMMENTS = YES;
				CLANG_WARN_EMPTY_BODY = YES;
				CLANG_WARN_ENUM_CONVERSION = YES;
				CLANG_WARN_INFINITE_RECURSION = YES;
				CLANG_WARN_INT_CONVERSION = YES;
				CLANG_WARN_NON_LITERAL_NULL_CONVERSION = YES;
				CLANG_WARN_OBJC_IMPLICIT_RETAIN_SELF = YES;
				CLANG_WARN_OBJC_LITERAL_CONVERSION = YES;
				CLANG_WARN_OBJC_ROOT_CLASS = YES_ERROR;
				CLANG_WARN_QUOTED_INCLUDE_IN_FRAMEWORK_HEADER = YES;
				CLANG_WARN_RANGE_LOOP_ANALYSIS = YES;
				CLANG_WARN_STRICT_PROTOTYPES = YES;
				CLANG_WARN_SUSPICIOUS_MOVE = YES;
				CLANG_WARN_UNGUARDED_AVAILABILITY = YES_AGGRESSIVE;
				CLANG_WARN_UNREACHABLE_CODE = YES;
				CLANG_WARN__DUPLICATE_METHOD_MATCH = YES;
				COPY_PHASE_STRIP = NO;
				DEBUG_INFORMATION_FORMAT = "dwarf-with-dsym";
				DEVELOPMENT_TEAM = LGX4B4WC66;
				ENABLE_NS_ASSERTIONS = NO;
				ENABLE_STRICT_OBJC_MSGSEND = YES;
				ENABLE_USER_SCRIPT_SANDBOXING = YES;
				GCC_C_LANGUAGE_STANDARD = gnu17;
				GCC_NO_COMMON_BLOCKS = YES;
				GCC_WARN_64_TO_32_BIT_CONVERSION = YES;
				GCC_WARN_ABOUT_RETURN_TYPE = YES_ERROR;
				GCC_WARN_UNDECLARED_SELECTOR = YES;
				GCC_WARN_UNINITIALIZED_AUTOS = YES_AGGRESSIVE;
				GCC_WARN_UNUSED_FUNCTION = YES;
				GCC_WARN_UNUSED_VARIABLE = YES;
				IPHONEOS_DEPLOYMENT_TARGET = 18.5;
				LOCALIZATION_PREFERS_STRING_CATALOGS = YES;
				MTL_ENABLE_DEBUG_INFO = NO;
				MTL_FAST_MATH = YES;
				SDKROOT = iphoneos;
				SWIFT_COMPILATION_MODE = wholemodule;
				VALIDATE_PRODUCT = YES;
			};
			name = Release;
		};
		DF6DC2332F1E9BC700DE5D9A /* Debug */ = {
			isa = XCBuildConfiguration;
			buildSettings = {
				ASSETCATALOG_COMPILER_APPICON_NAME = AppIcon;
				ASSETCATALOG_COMPILER_GLOBAL_ACCENT_COLOR_NAME = AccentColor;
				CODE_SIGN_STYLE = Automatic;
				CURRENT_PROJECT_VERSION = 1;
				DEVELOPMENT_TEAM = LGX4B4WC66;
				ENABLE_PREVIEWS = YES;
				GENERATE_INFOPLIST_FILE = YES;
				INFOPLIST_KEY_UIApplicationSceneManifest_Generation = YES;
				INFOPLIST_KEY_UIApplicationSupportsIndirectInputEvents = YES;
				INFOPLIST_KEY_UILaunchScreen_Generation = YES;
				INFOPLIST_KEY_UISupportedInterfaceOrientations_iPad = "UIInterfaceOrientationPortrait UIInterfaceOrientationPortraitUpsideDown UIInterfaceOrientationLandscapeLeft UIInterfaceOrientationLandscapeRight";
				INFOPLIST_KEY_UISupportedInterfaceOrientations_iPhone = "UIInterfaceOrientationPortrait UIInterfaceOrientationLandscapeLeft UIInterfaceOrientationLandscapeRight";
				IPHONEOS_DEPLOYMENT_TARGET = 17;
				LD_RUNPATH_SEARCH_PATHS = (
					"$(inherited)",
					"@executable_path/Frameworks",
				);
				MARKETING_VERSION = 1.0;
				PRODUCT_BUNDLE_IDENTIFIER = "com.indextrown.cicd-base";
				PRODUCT_NAME = "$(TARGET_NAME)";
				SWIFT_EMIT_LOC_STRINGS = YES;
				SWIFT_VERSION = 5.0;
				TARGETED_DEVICE_FAMILY = "1,2";
			};
			name = Debug;
		};
		DF6DC2342F1E9BC700DE5D9A /* Release */ = {
			isa = XCBuildConfiguration;
			buildSettings = {
				ASSETCATALOG_COMPILER_APPICON_NAME = AppIcon;
				ASSETCATALOG_COMPILER_GLOBAL_ACCENT_COLOR_NAME = AccentColor;
				CODE_SIGN_STYLE = Automatic;
				CURRENT_PROJECT_VERSION = 1;
				DEVELOPMENT_TEAM = LGX4B4WC66;
				ENABLE_PREVIEWS = YES;
				GENERATE_INFOPLIST_FILE = YES;
				INFOPLIST_KEY_UIApplicationSceneManifest_Generation = YES;
				INFOPLIST_KEY_UIApplicationSupportsIndirectInputEvents = YES;
				INFOPLIST_KEY_UILaunchScreen_Generation = YES;
				INFOPLIST_KEY_UISupportedInterfaceOrientations_iPad = "UIInterfaceOrientationPortrait UIInterfaceOrientationPortraitUpsideDown UIInterfaceOrientationLandscapeLeft UIInterfaceOrientationLandscapeRight";
				INFOPLIST_KEY_UISupportedInterfaceOrientations_iPhone = "UIInterfaceOrientationPortrait UIInterfaceOrientationLandscapeLeft UIInterfaceOrientationLandscapeRight";
				IPHONEOS_DEPLOYMENT_TARGET = 17;
				LD_RUNPATH_SEARCH_PATHS = (
					"$(inherited)",
					"@executable_path/Frameworks",
				);
				MARKETING_VERSION = 1.0;
				PRODUCT_BUNDLE_IDENTIFIER = "com.indextrown.cicd-base";
				PRODUCT_NAME = "$(TARGET_NAME)";
				SWIFT_EMIT_LOC_STRINGS = YES;
				SWIFT_VERSION = 5.0;
				TARGETED_DEVICE_FAMILY = "1,2";
			};
			name = Release;
		};
		DF6DC4342F1EACA700DE5D9A /* Debug */ = {
			isa = XCBuildConfiguration;
			buildSettings = {
				BUNDLE_LOADER = "$(TEST_HOST)";
				CODE_SIGN_STYLE = Automatic;
				CURRENT_PROJECT_VERSION = 1;
				DEVELOPMENT_TEAM = LGX4B4WC66;
				GENERATE_INFOPLIST_FILE = YES;
				IPHONEOS_DEPLOYMENT_TARGET = 17;
				MARKETING_VERSION = 1.0;
				PRODUCT_BUNDLE_IDENTIFIER = "com.indextrown.cicd-baseUnitTests";
				PRODUCT_NAME = "$(TARGET_NAME)";
				SWIFT_EMIT_LOC_STRINGS = NO;
				SWIFT_VERSION = 5.0;
				TARGETED_DEVICE_FAMILY = "1,2";
				TEST_HOST = "$(BUILT_PRODUCTS_DIR)/cicd_base.app/$(BUNDLE_EXECUTABLE_FOLDER_PATH)/cicd_base";
			};
			name = Debug;
		};
		DF6DC4352F1EACA700DE5D9A /* Release */ = {
			isa = XCBuildConfiguration;
			buildSettings = {
				BUNDLE_LOADER = "$(TEST_HOST)";
				CODE_SIGN_STYLE = Automatic;
				CURRENT_PROJECT_VERSION = 1;
				DEVELOPMENT_TEAM = LGX4B4WC66;
				GENERATE_INFOPLIST_FILE = YES;
				IPHONEOS_DEPLOYMENT_TARGET = 17;
				MARKETING_VERSION = 1.0;
				PRODUCT_BUNDLE_IDENTIFIER = "com.indextrown.cicd-baseUnitTests";
				PRODUCT_NAME = "$(TARGET_NAME)";
				SWIFT_EMIT_LOC_STRINGS = NO;
				SWIFT_VERSION = 5.0;
				TARGETED_DEVICE_FAMILY = "1,2";
				TEST_HOST = "$(BUILT_PRODUCTS_DIR)/cicd_base.app/$(BUNDLE_EXECUTABLE_FOLDER_PATH)/cicd_base";
			};
			name = Release;
		};
/* End XCBuildConfiguration section */

/* Begin XCConfigurationList section */
		DF1C46AF2F2B358900AB14C6 /* Build configuration list for PBXNativeTarget "cicd_baseUITests" */ = {
			isa = XCConfigurationList;
			buildConfigurations = (
				DF1C46AD2F2B358900AB14C6 /* Debug */,
				DF1C46AE2F2B358900AB14C6 /* Release */,
			);
			defaultConfigurationIsVisible = 0;
			defaultConfigurationName = Release;
		};
		DF6DC2222F1E9BC600DE5D9A /* Build configuration list for PBXProject "cicd_base" */ = {
			isa = XCConfigurationList;
			buildConfigurations = (
				DF6DC2302F1E9BC700DE5D9A /* Debug */,
				DF6DC2312F1E9BC700DE5D9A /* Release */,
			);
			defaultConfigurationIsVisible = 0;
			defaultConfigurationName = Release;
		};
		DF6DC2322F1E9BC700DE5D9A /* Build configuration list for PBXNativeTarget "cicd_base" */ = {
			isa = XCConfigurationList;
			buildConfigurations = (
				DF6DC2332F1E9BC700DE5D9A /* Debug */,
				DF6DC2342F1E9BC700DE5D9A /* Release */,
			);
			defaultConfigurationIsVisible = 0;
			defaultConfigurationName = Release;
		};
		DF6DC4332F1EACA700DE5D9A /* Build configuration list for PBXNativeTarget "cicd_baseUnitTests" */ = {
			isa = XCConfigurationList;
			buildConfigurations = (
				DF6DC4342F1EACA700DE5D9A /* Debug */,
				DF6DC4352F1EACA700DE5D9A /* Release */,
			);
			defaultConfigurationIsVisible = 0;
			defaultConfigurationName = Release;
		};
/* End XCConfigurationList section */

/* Begin XCRemoteSwiftPackageReference section */
		DF6DC4082F1EA51800DE5D9A /* XCRemoteSwiftPackageReference "AutoEquatable" */ = {
			isa = XCRemoteSwiftPackageReference;
			repositoryURL = "https://github.com/indextrown/AutoEquatable";
			requirement = {
				branch = main;
				kind = branch;
			};
		};
/* End XCRemoteSwiftPackageReference section */

/* Begin XCSwiftPackageProductDependency section */
		DF6DC4092F1EA51800DE5D9A /* AutoEquatable */ = {
			isa = XCSwiftPackageProductDependency;
			package = DF6DC4082F1EA51800DE5D9A /* XCRemoteSwiftPackageReference "AutoEquatable" */;
			productName = AutoEquatable;
		};
/* End XCSwiftPackageProductDependency section */
	};
	rootObject = DF6DC21F2F1E9BC600DE5D9A /* Project object */;
}
